
Microsoft Visual Studio Solution File, Format Version 12.00
Project("{FAE04EC0-301F-11D3-BF4B-00C04F79EFBC}") = "Bottom", "Bottom\Bottom.csproj", "{72D379AD-9E36-4D64-A5D2-718306A9CBA4}"
EndProject
Project("{FAE04EC0-301F-11D3-BF4B-00C04F79EFBC}") = "Middle", "Middle\Middle.csproj", "{250204D7-3D4C-45A8-BB12-6817EA247BBD}"
EndProject
Project("{FAE04EC0-301F-11D3-BF4B-00C04F79EFBC}") = "Top", "Top\Top.csproj", "{EE3F27DB-FB47-4A15-84A6-BEEFF2C3BD4D}"
EndProject
Global
	GlobalSection(SolutionConfigurationPlatforms) = preSolution
		Debug|Any CPU = Debug|Any CPU
		Release|Any CPU = Release|Any CPU
	EndGlobalSection
	GlobalSection(ProjectConfigurationPlatforms) = postSolution
		{72D379AD-9E36-4D64-A5D2-718306A9CBA4}.Debug|Any CPU.ActiveCfg = Debug|Any CPU
		{72D379AD-9E36-4D64-A5D2-718306A9CBA4}.Debug|Any CPU.Build.0 = Debug|Any CPU
		{72D379AD-9E36-4D64-A5D2-718306A9CBA4}.Release|Any CPU.ActiveCfg = Release|Any CPU
		{72D379AD-9E36-4D64-A5D2-718306A9CBA4}.Release|Any CPU.Build.0 = Release|Any CPU
		{250204D7-3D4C-45A8-BB12-6817EA247BBD}.Debug|Any CPU.ActiveCfg = Debug|Any CPU
		{250204D7-3D4C-45A8-BB12-6817EA247BBD}.Debug|Any CPU.Build.0 = Debug|Any CPU
		{250204D7-3D4C-45A8-BB12-6817EA247BBD}.Release|Any CPU.ActiveCfg = Release|Any CPU
		{250204D7-3D4C-45A8-BB12-6817EA247BBD}.Release|Any CPU.Build.0 = Release|Any CPU
		{EE3F27DB-FB47-4A15-84A6-BEEFF2C3BD4D}.Debug|Any CPU.ActiveCfg = Debug|Any CPU
		{EE3F27DB-FB47-4A15-84A6-BEEFF2C3BD4D}.Debug|Any CPU.Build.0 = Debug|Any CPU
		{EE3F27DB-FB47-4A15-84A6-BEEFF2C3BD4D}.Release|Any CPU.ActiveCfg = Release|Any CPU
		{EE3F27DB-FB47-4A15-84A6-BEEFF2C3BD4D}.Release|Any CPU.Build.0 = Release|Any CPU
	EndGlobalSection
EndGlobal
